
Microsoft Visual Studio Solution File, Format Version 12.00
# Visual Studio Version 16
VisualStudioVersion = 16.0.31025.194
MinimumVisualStudioVersion = 10.0.40219.1
Project("{FAE04EC0-301F-11D3-BF4B-00C04F79EFBC}") = "Task10", "Task10\Task10.csproj", "{FCEDE85E-3756-40B8-B528-BD0BB6D0BA3D}"
EndProject
Global
	GlobalSection(SolutionConfigurationPlatforms) = preSolution
		Debug|Any CPU = Debug|Any CPU
		Release|Any CPU = Release|Any CPU
	EndGlobalSection
	GlobalSection(ProjectConfigurationPlatforms) = postSolution
		{FCEDE85E-3756-40B8-B528-BD0BB6D0BA3D}.Debug|Any CPU.ActiveCfg = Debug|Any CPU
		{FCEDE85E-3756-40B8-B528-BD0BB6D0BA3D}.Debug|Any CPU.Build.0 = Debug|Any CPU
		{FCEDE85E-3756-40B8-B528-BD0BB6D0BA3D}.Release|Any CPU.ActiveCfg = Release|Any CPU
		{FCEDE85E-3756-40B8-B528-BD0BB6D0BA3D}.Release|Any CPU.Build.0 = Release|Any CPU
	EndGlobalSection
	GlobalSection(SolutionProperties) = preSolution
		HideSolutionNode = FALSE
	EndGlobalSection
	GlobalSection(ExtensibilityGlobals) = postSolution
		SolutionGuid = {EA0EE6B4-2D48-4F15-AC36-CDF100327799}
	EndGlobalSection
EndGlobal
